
Microsoft Visual Studio Solution File, Format Version 12.00
# Visual Studio 15
VisualStudioVersion = 15.0.26228.9
MinimumVisualStudioVersion = 10.0.40219.1
Project("{9A19103F-16F7-4668-BE54-9A1E7A4F7556}") = "Teamdare.Bot", "Teamdare.Bot\Teamdare.Bot.csproj", "{D38D3912-EAB0-4508-9EB5-87F9EF2B485F}"
EndProject
Project("{9A19103F-16F7-4668-BE54-9A1E7A4F7556}") = "Teamdare.Database", "Teamdare.Database\Teamdare.Database.csproj", "{DA1A2106-D1C9-4F8C-B905-2B07D44F9654}"
EndProject
Project("{9A19103F-16F7-4668-BE54-9A1E7A4F7556}") = "Teamdare.Core", "Teamdare.Core\Teamdare.Core.csproj", "{DEF4B06F-DF34-44F0-94B6-D892240EA1C7}"
EndProject
Project("{9A19103F-16F7-4668-BE54-9A1E7A4F7556}") = "Teamdare.Domain", "Teamdare.Domain\Teamdare.Domain.csproj", "{9438267D-D26B-4970-AC28-C1E189FA3BC2}"
EndProject
Project("{9A19103F-16F7-4668-BE54-9A1E7A4F7556}") = "Teamdare.Resources", "Teamdare.Resources\Teamdare.Resources.csproj", "{A31B7670-D6D3-47F1-9B42-1F27DBA28B9C}"
EndProject
Project("{9A19103F-16F7-4668-BE54-9A1E7A4F7556}") = "Teamdare.Worker", "Teamdare.Worker\Teamdare.Worker.csproj", "{C6BD583E-0142-4F27-A6A4-60FC5E60F828}"
EndProject
Project("{9A19103F-16F7-4668-BE54-9A1E7A4F7556}") = "Teamdare.Connector", "Teamdare.Connector\Teamdare.Connector.csproj", "{AA7D4E94-98EA-419A-AAC4-A473F586B41C}"
EndProject
Global
	GlobalSection(SolutionConfigurationPlatforms) = preSolution
		Debug|Any CPU = Debug|Any CPU
		Release|Any CPU = Release|Any CPU
	EndGlobalSection
	GlobalSection(ProjectConfigurationPlatforms) = postSolution
		{D38D3912-EAB0-4508-9EB5-87F9EF2B485F}.Debug|Any CPU.ActiveCfg = Debug|Any CPU
		{D38D3912-EAB0-4508-9EB5-87F9EF2B485F}.Debug|Any CPU.Build.0 = Debug|Any CPU
		{D38D3912-EAB0-4508-9EB5-87F9EF2B485F}.Release|Any CPU.ActiveCfg = Release|Any CPU
		{D38D3912-EAB0-4508-9EB5-87F9EF2B485F}.Release|Any CPU.Build.0 = Release|Any CPU
		{DA1A2106-D1C9-4F8C-B905-2B07D44F9654}.Debug|Any CPU.ActiveCfg = Debug|Any CPU
		{DA1A2106-D1C9-4F8C-B905-2B07D44F9654}.Debug|Any CPU.Build.0 = Debug|Any CPU
		{DA1A2106-D1C9-4F8C-B905-2B07D44F9654}.Release|Any CPU.ActiveCfg = Release|Any CPU
		{DA1A2106-D1C9-4F8C-B905-2B07D44F9654}.Release|Any CPU.Build.0 = Release|Any CPU
		{DEF4B06F-DF34-44F0-94B6-D892240EA1C7}.Debug|Any CPU.ActiveCfg = Debug|Any CPU
		{DEF4B06F-DF34-44F0-94B6-D892240EA1C7}.Debug|Any CPU.Build.0 = Debug|Any CPU
		{DEF4B06F-DF34-44F0-94B6-D892240EA1C7}.Release|Any CPU.ActiveCfg = Release|Any CPU
		{DEF4B06F-DF34-44F0-94B6-D892240EA1C7}.Release|Any CPU.Build.0 = Release|Any CPU
		{9438267D-D26B-4970-AC28-C1E189FA3BC2}.Debug|Any CPU.ActiveCfg = Debug|Any CPU
		{9438267D-D26B-4970-AC28-C1E189FA3BC2}.Debug|Any CPU.Build.0 = Debug|Any CPU
		{9438267D-D26B-4970-AC28-C1E189FA3BC2}.Release|Any CPU.ActiveCfg = Release|Any CPU
		{9438267D-D26B-4970-AC28-C1E189FA3BC2}.Release|Any CPU.Build.0 = Release|Any CPU
		{A31B7670-D6D3-47F1-9B42-1F27DBA28B9C}.Debug|Any CPU.ActiveCfg = Debug|Any CPU
		{A31B7670-D6D3-47F1-9B42-1F27DBA28B9C}.Debug|Any CPU.Build.0 = Debug|Any CPU
		{A31B7670-D6D3-47F1-9B42-1F27DBA28B9C}.Release|Any CPU.ActiveCfg = Release|Any CPU
		{A31B7670-D6D3-47F1-9B42-1F27DBA28B9C}.Release|Any CPU.Build.0 = Release|Any CPU
		{C6BD583E-0142-4F27-A6A4-60FC5E60F828}.Debug|Any CPU.ActiveCfg = Debug|Any CPU
		{C6BD583E-0142-4F27-A6A4-60FC5E60F828}.Debug|Any CPU.Build.0 = Debug|Any CPU
		{C6BD583E-0142-4F27-A6A4-60FC5E60F828}.Release|Any CPU.ActiveCfg = Release|Any CPU
		{C6BD583E-0142-4F27-A6A4-60FC5E60F828}.Release|Any CPU.Build.0 = Release|Any CPU
		{AA7D4E94-98EA-419A-AAC4-A473F586B41C}.Debug|Any CPU.ActiveCfg = Debug|Any CPU
		{AA7D4E94-98EA-419A-AAC4-A473F586B41C}.Debug|Any CPU.Build.0 = Debug|Any CPU
		{AA7D4E94-98EA-419A-AAC4-A473F586B41C}.Release|Any CPU.ActiveCfg = Release|Any CPU
		{AA7D4E94-98EA-419A-AAC4-A473F586B41C}.Release|Any CPU.Build.0 = Release|Any CPU
	EndGlobalSection
	GlobalSection(SolutionProperties) = preSolution
		HideSolutionNode = FALSE
	EndGlobalSection
EndGlobal
