
Microsoft Visual Studio Solution File, Format Version 12.00
# Visual Studio 2013
VisualStudioVersion = 12.0.0.0
MinimumVisualStudioVersion = 10.0.0.1
Project("{8BB2217D-0F2D-49D1-97BC-3654ED321F3B}") = "Teamdare.Bot", "Teamdare.Bot\Teamdare.Bot.xproj", "{D38D3912-EAB0-4508-9EB5-87F9EF2B485F}"
EndProject
Project("{8BB2217D-0F2D-49D1-97BC-3654ED321F3B}") = "Teamdare.Database", "Teamdare.Database\Teamdare.Database.xproj", "{DA1A2106-D1C9-4F8C-B905-2B07D44F9654}"
EndProject
Project("{8BB2217D-0F2D-49D1-97BC-3654ED321F3B}") = "Teamdare.Core", "Teamdare.Core\Teamdare.Core.xproj", "{DEF4B06F-DF34-44F0-94B6-D892240EA1C7}"
EndProject
Global
	GlobalSection(SolutionConfigurationPlatforms) = preSolution
		Debug|Any CPU = Debug|Any CPU
		Release|Any CPU = Release|Any CPU
	EndGlobalSection
	GlobalSection(ProjectConfigurationPlatforms) = postSolution
		{D38D3912-EAB0-4508-9EB5-87F9EF2B485F}.Debug|Any CPU.ActiveCfg = Debug|Any CPU
		{D38D3912-EAB0-4508-9EB5-87F9EF2B485F}.Debug|Any CPU.Build.0 = Debug|Any CPU
		{D38D3912-EAB0-4508-9EB5-87F9EF2B485F}.Release|Any CPU.ActiveCfg = Release|Any CPU
		{D38D3912-EAB0-4508-9EB5-87F9EF2B485F}.Release|Any CPU.Build.0 = Release|Any CPU
		{DA1A2106-D1C9-4F8C-B905-2B07D44F9654}.Debug|Any CPU.ActiveCfg = Debug|Any CPU
		{DA1A2106-D1C9-4F8C-B905-2B07D44F9654}.Debug|Any CPU.Build.0 = Debug|Any CPU
		{DA1A2106-D1C9-4F8C-B905-2B07D44F9654}.Release|Any CPU.ActiveCfg = Release|Any CPU
		{DA1A2106-D1C9-4F8C-B905-2B07D44F9654}.Release|Any CPU.Build.0 = Release|Any CPU
		{DEF4B06F-DF34-44F0-94B6-D892240EA1C7}.Debug|Any CPU.ActiveCfg = Debug|Any CPU
		{DEF4B06F-DF34-44F0-94B6-D892240EA1C7}.Debug|Any CPU.Build.0 = Debug|Any CPU
		{DEF4B06F-DF34-44F0-94B6-D892240EA1C7}.Release|Any CPU.ActiveCfg = Release|Any CPU
		{DEF4B06F-DF34-44F0-94B6-D892240EA1C7}.Release|Any CPU.Build.0 = Release|Any CPU
	EndGlobalSection
	GlobalSection(SolutionProperties) = preSolution
		HideSolutionNode = FALSE
	EndGlobalSection
EndGlobal
